
Microsoft Visual Studio Solution File, Format Version 12.00
# Visual Studio 2012
Project("{8BC9CEB8-8B4A-11D0-8D11-00A0C91BC942}") = "q3", "q3\q3.vcxproj", "{930E1D54-4769-4CBE-844E-8866569DA2ED}"
EndProject
Project("{8BC9CEB8-8B4A-11D0-8D11-00A0C91BC942}") = "q4", "q4\q4.vcxproj", "{620E73A8-C1B3-434A-B92B-8C02C9A3F854}"
EndProject
Project("{8BC9CEB8-8B4A-11D0-8D11-00A0C91BC942}") = "q5", "q5\q5.vcxproj", "{9C4DB09D-3AD8-4D38-B346-1499822E5892}"
EndProject
Project("{8BC9CEB8-8B4A-11D0-8D11-00A0C91BC942}") = "q1", "q1\q1.vcxproj", "{BD54C305-38DD-4C0E-AD8A-746EE174CA57}"
EndProject
Project("{8BC9CEB8-8B4A-11D0-8D11-00A0C91BC942}") = "q2", "q2\q2.vcxproj", "{AE3021D4-D4AE-4484-BF78-863AE106AF23}"
EndProject
Project("{8BC9CEB8-8B4A-11D0-8D11-00A0C91BC942}") = "ConsoleApplication1", "ConsoleApplication1\ConsoleApplication1.vcxproj", "{AD5877CF-A386-40BF-8627-90B86A2CFCDC}"
EndProject
Global
	GlobalSection(SolutionConfigurationPlatforms) = preSolution
		Debug|Win32 = Debug|Win32
		Release|Win32 = Release|Win32
	EndGlobalSection
	GlobalSection(ProjectConfigurationPlatforms) = postSolution
		{930E1D54-4769-4CBE-844E-8866569DA2ED}.Debug|Win32.ActiveCfg = Debug|Win32
		{930E1D54-4769-4CBE-844E-8866569DA2ED}.Debug|Win32.Build.0 = Debug|Win32
		{930E1D54-4769-4CBE-844E-8866569DA2ED}.Release|Win32.ActiveCfg = Release|Win32
		{930E1D54-4769-4CBE-844E-8866569DA2ED}.Release|Win32.Build.0 = Release|Win32
		{620E73A8-C1B3-434A-B92B-8C02C9A3F854}.Debug|Win32.ActiveCfg = Debug|Win32
		{620E73A8-C1B3-434A-B92B-8C02C9A3F854}.Debug|Win32.Build.0 = Debug|Win32
		{620E73A8-C1B3-434A-B92B-8C02C9A3F854}.Release|Win32.ActiveCfg = Release|Win32
		{620E73A8-C1B3-434A-B92B-8C02C9A3F854}.Release|Win32.Build.0 = Release|Win32
		{9C4DB09D-3AD8-4D38-B346-1499822E5892}.Debug|Win32.ActiveCfg = Debug|Win32
		{9C4DB09D-3AD8-4D38-B346-1499822E5892}.Debug|Win32.Build.0 = Debug|Win32
		{9C4DB09D-3AD8-4D38-B346-1499822E5892}.Release|Win32.ActiveCfg = Release|Win32
		{9C4DB09D-3AD8-4D38-B346-1499822E5892}.Release|Win32.Build.0 = Release|Win32
		{BD54C305-38DD-4C0E-AD8A-746EE174CA57}.Debug|Win32.ActiveCfg = Debug|Win32
		{BD54C305-38DD-4C0E-AD8A-746EE174CA57}.Debug|Win32.Build.0 = Debug|Win32
		{BD54C305-38DD-4C0E-AD8A-746EE174CA57}.Release|Win32.ActiveCfg = Release|Win32
		{BD54C305-38DD-4C0E-AD8A-746EE174CA57}.Release|Win32.Build.0 = Release|Win32
		{AE3021D4-D4AE-4484-BF78-863AE106AF23}.Debug|Win32.ActiveCfg = Debug|Win32
		{AE3021D4-D4AE-4484-BF78-863AE106AF23}.Debug|Win32.Build.0 = Debug|Win32
		{AE3021D4-D4AE-4484-BF78-863AE106AF23}.Release|Win32.ActiveCfg = Release|Win32
		{AE3021D4-D4AE-4484-BF78-863AE106AF23}.Release|Win32.Build.0 = Release|Win32
		{AD5877CF-A386-40BF-8627-90B86A2CFCDC}.Debug|Win32.ActiveCfg = Debug|Win32
		{AD5877CF-A386-40BF-8627-90B86A2CFCDC}.Debug|Win32.Build.0 = Debug|Win32
		{AD5877CF-A386-40BF-8627-90B86A2CFCDC}.Release|Win32.ActiveCfg = Release|Win32
		{AD5877CF-A386-40BF-8627-90B86A2CFCDC}.Release|Win32.Build.0 = Release|Win32
	EndGlobalSection
	GlobalSection(SolutionProperties) = preSolution
		HideSolutionNode = FALSE
	EndGlobalSection
EndGlobal
